github.com/speedata/goxml v1.0.1 h1:YAzy7kajDo2hhSLmogHQTXcnIvXj1+sJrcVCscoJfNQ=
github.com/speedata/goxml v1.0.1/go.mod h1:G++cv0h2rC8ltAhvQmANDgwMbKRd3MetXlF8PLob6dw=
github.com/speedata/goxpath v1.0.2 h1:DmtAJ1hSA3tuAyv68W7PxnOVEVCg5co5MYaj5cacIaw=
github.com/speedata/goxpath v1.0.2/go.mod h1:FSlqVENeItCamo3AVwUUVH1gSgQ3t7IL4QaoA6aQSU0=
golang.org/x/net v0.33.0 h1:74SYHlV8BIgHIFC/LrYkOGIwL19eTYXQ5wc6TBuO36I=
golang.org/x/net v0.33.0/go.mod h1:HXLR5J+9DxmrqMwG9qjGCxZ+zKXxBru04zlTvWlWuN4=
